dependencies:
- name: rabbitmq-ha
  repository: https://kubernetes-charts.storage.googleapis.com
  version: 1.41.0
- name: mongodb
  repository: https://kubernetes-charts.storage.googleapis.com
  version: 7.8.8
- name: postgresql
  repository: https://kubernetes-charts.storage.googleapis.com
  version: 8.6.2
digest: sha256:f9227d9ef1da59b63bf3fe810011beb7f7ae66608563ea7d9822c7cacde25c73
generated: "2020-03-11T14:14:01.7116082-03:00"
