dependencies:
- name: rabbitmq-ha
  repository: https://kubernetes-charts.storage.googleapis.com
  version: 1.41.0
- name: mongodb
  repository: https://kubernetes-charts.storage.googleapis.com
  version: 7.8.8
- name: postgresql
  repository: https://kubernetes-charts.storage.googleapis.com
  version: 8.6.2
- name: nginx-ingress
  repository: https://kubernetes-charts.storage.googleapis.com
  version: 1.34.2
digest: sha256:be5bc2cd60a6f261a2cc7e549b7152df571e97b9efbd5e02d33adb87bfabe4e8
generated: "2020-04-01T12:06:49.060284584-03:00"
